// !$*UTF8*$!
{
	archiveVersion = 1;
	classes = {
	};
	objectVersion = 77;
	objects = {

/* Begin PBXContainerItemProxy section */
		5DB0FF482D52A8B000B89188 /* PBXContainerItemProxy */ = {
			isa = PBXContainerItemProxy;
			containerPortal = 5DB0FF2F2D52A8AF00B89188 /* Project object */;
			proxyType = 1;
			remoteGlobalIDString = 5DB0FF362D52A8AF00B89188;
			remoteInfo = objectrecognition;
		};
		5DB0FF522D52A8B000B89188 /* PBXContainerItemProxy */ = {
			isa = PBXContainerItemProxy;
			containerPortal = 5DB0FF2F2D52A8AF00B89188 /* Project object */;
			proxyType = 1;
			remoteGlobalIDString = 5DB0FF362D52A8AF00B89188;
			remoteInfo = objectrecognition;
		};
/* End PBXContainerItemProxy section */

/* Begin PBXFileReference section */
		5DB0FF372D52A8AF00B89188 /* objectrecognition.app */ = {isa = PBXFileReference; explicitFileType = wrapper.application; includeInIndex = 0; path = objectrecognition.app; sourceTree = BUILT_PRODUCTS_DIR; };
		5DB0FF472D52A8B000B89188 /* objectrecognitionTests.xctest */ = {isa = PBXFileReference; explicitFileType = wrapper.cfbundle; includeInIndex = 0; path = objectrecognitionTests.xctest; sourceTree = BUILT_PRODUCTS_DIR; };
		5DB0FF512D52A8B000B89188 /* objectrecognitionUITests.xctest */ = {isa = PBXFileReference; explicitFileType = wrapper.cfbundle; includeInIndex = 0; path = objectrecognitionUITests.xctest; sourceTree = BUILT_PRODUCTS_DIR; };
/* End PBXFileReference section */

/* Begin PBXFileSystemSynchronizedRootGroup section */
		5DB0FF392D52A8AF00B89188 /* objectrecognition */ = {
			isa = PBXFileSystemSynchronizedRootGroup;
			path = objectrecognition;
			sourceTree = "<group>";
		};
		5DB0FF4A2D52A8B000B89188 /* objectrecognitionTests */ = {
			isa = PBXFileSystemSynchronizedRootGroup;
			path = objectrecognitionTests;
			sourceTree = "<group>";
		};
		5DB0FF542D52A8B000B89188 /* objectrecognitionUITests */ = {
			isa = PBXFileSystemSynchronizedRootGroup;
			path = objectrecognitionUITests;
			sourceTree = "<group>";
		};
/* End PBXFileSystemSynchronizedRootGroup section */

/* Begin PBXFrameworksBuildPhase section */
		5DB0FF342D52A8AF00B89188 /* Frameworks */ = {
			isa = PBXFrameworksBuildPhase;
			buildActionMask = 2147483647;
			files = (
			);
			runOnlyForDeploymentPostprocessing = 0;
		};
		5DB0FF442D52A8B000B89188 /* Frameworks */ = {
			isa = PBXFrameworksBuildPhase;
			buildActionMask = 2147483647;
			files = (
			);
			runOnlyForDeploymentPostprocessing = 0;
		};
		5DB0FF4E2D52A8B000B89188 /* Frameworks */ = {
			isa = PBXFrameworksBuildPhase;
			buildActionMask = 2147483647;
			files = (
			);
			runOnlyForDeploymentPostprocessing = 0;
		};
/* End PBXFrameworksBuildPhase section */

/* Begin PBXGroup section */
		5DB0FF2E2D52A8AF00B89188 = {
			isa = PBXGroup;
			children = (
				5DB0FF392D52A8AF00B89188 /* objectrecognition */,
				5DB0FF4A2D52A8B000B89188 /* objectrecognitionTests */,
				5DB0FF542D52A8B000B89188 /* objectrecognitionUITests */,
				5DB0FF382D52A8AF00B89188 /* Products */,
			);
			sourceTree = "<group>";
		};
		5DB0FF382D52A8AF00B89188 /* Products */ = {
			isa = PBXGroup;
			children = (
				5DB0FF372D52A8AF00B89188 /* objectrecognition.app */,
				5DB0FF472D52A8B000B89188 /* objectrecognitionTests.xctest */,
				5DB0FF512D52A8B000B89188 /* objectrecognitionUITests.xctest */,
			);
			name = Products;
			sourceTree = "<group>";
		};
/* End PBXGroup section */

/* Begin PBXNativeTarget section */
		5DB0FF362D52A8AF00B89188 /* objectrecognition */ = {
			isa = PBXNativeTarget;
			buildConfigurationList = 5DB0FF5B2D52A8B000B89188 /* Build configuration list for PBXNativeTarget "objectrecognition" */;
			buildPhases = (
				5DB0FF332D52A8AF00B89188 /* Sources */,
				5DB0FF342D52A8AF00B89188 /* Frameworks */,
				5DB0FF352D52A8AF00B89188 /* Resources */,
			);
			buildRules = (
			);
			dependencies = (
			);
			fileSystemSynchronizedGroups = (
				5DB0FF392D52A8AF00B89188 /* objectrecognition */,
			);
			name = objectrecognition;
			packageProductDependencies = (
			);
			productName = objectrecognition;
			productReference = 5DB0FF372D52A8AF00B89188 /* objectrecognition.app */;
			productType = "com.apple.product-type.application";
		};
		5DB0FF462D52A8B000B89188 /* objectrecognitionTests */ = {
			isa = PBXNativeTarget;
			buildConfigurationList = 5DB0FF5E2D52A8B000B89188 /* Build configuration list for PBXNativeTarget "objectrecognitionTests" */;
			buildPhases = (
				5DB0FF432D52A8B000B89188 /* Sources */,
				5DB0FF442D52A8B000B89188 /* Frameworks */,
				5DB0FF452D52A8B000B89188 /* Resources */,
			);
			buildRules = (
			);
			dependencies = (
				5DB0FF492D52A8B000B89188 /* PBXTargetDependency */,
			);
			fileSystemSynchronizedGroups = (
				5DB0FF4A2D52A8B000B89188 /* objectrecognitionTests */,
			);
			name = objectrecognitionTests;
			packageProductDependencies = (
			);
			productName = objectrecognitionTests;
			productReference = 5DB0FF472D52A8B000B89188 /* objectrecognitionTests.xctest */;
			productType = "com.apple.product-type.bundle.unit-test";
		};
		5DB0FF502D52A8B000B89188 /* objectrecognitionUITests */ = {
			isa = PBXNativeTarget;
			buildConfigurationList = 5DB0FF612D52A8B000B89188 /* Build configuration list for PBXNativeTarget "objectrecognitionUITests" */;
			buildPhases = (
				5DB0FF4D2D52A8B000B89188 /* Sources */,
				5DB0FF4E2D52A8B000B89188 /* Frameworks */,
				5DB0FF4F2D52A8B000B89188 /* Resources */,
			);
			buildRules = (
			);
			dependencies = (
				5DB0FF532D52A8B000B89188 /* PBXTargetDependency */,
			);
			fileSystemSynchronizedGroups = (
				5DB0FF542D52A8B000B89188 /* objectrecognitionUITests */,
			);
			name = objectrecognitionUITests;
			packageProductDependencies = (
			);
			productName = objectrecognitionUITests;
			productReference = 5DB0FF512D52A8B000B89188 /* objectrecognitionUITests.xctest */;
			productType = "com.apple.product-type.bundle.ui-testing";
		};
/* End PBXNativeTarget section */

/* Begin PBXProject section */
		5DB0FF2F2D52A8AF00B89188 /* Project object */ = {
			isa = PBXProject;
			attributes = {
				BuildIndependentTargetsInParallel = 1;
				LastSwiftUpdateCheck = 1620;
				LastUpgradeCheck = 1620;
				TargetAttributes = {
					5DB0FF362D52A8AF00B89188 = {
						CreatedOnToolsVersion = 16.2;
					};
					5DB0FF462D52A8B000B89188 = {
						CreatedOnToolsVersion = 16.2;
						TestTargetID = 5DB0FF362D52A8AF00B89188;
					};
					5DB0FF502D52A8B000B89188 = {
						CreatedOnToolsVersion = 16.2;
						TestTargetID = 5DB0FF362D52A8AF00B89188;
					};
				};
			};
			buildConfigurationList = 5DB0FF322D52A8AF00B89188 /* Build configuration list for PBXProject "objectrecognition" */;
			developmentRegion = en;
			hasScannedForEncodings = 0;
			knownRegions = (
				en,
				Base,
			);
			mainGroup = 5DB0FF2E2D52A8AF00B89188;
			minimizedProjectReferenceProxies = 1;
			preferredProjectObjectVersion = 77;
			productRefGroup = 5DB0FF382D52A8AF00B89188 /* Products */;
			projectDirPath = "";
			projectRoot = "";
			targets = (
				5DB0FF362D52A8AF00B89188 /* objectrecognition */,
				5DB0FF462D52A8B000B89188 /* objectrecognitionTests */,
				5DB0FF502D52A8B000B89188 /* objectrecognitionUITests */,
			);
		};
/* End PBXProject section */

/* Begin PBXResourcesBuildPhase section */
		5DB0FF352D52A8AF00B89188 /* Resources */ = {
			isa = PBXResourcesBuildPhase;
			buildActionMask = 2147483647;
			files = (
			);
			runOnlyForDeploymentPostprocessing = 0;
		};
		5DB0FF452D52A8B000B89188 /* Resources */ = {
			isa = PBXResourcesBuildPhase;
			buildActionMask = 2147483647;
			files = (
			);
			runOnlyForDeploymentPostprocessing = 0;
		};
		5DB0FF4F2D52A8B000B89188 /* Resources */ = {
			isa = PBXResourcesBuildPhase;
			buildActionMask = 2147483647;
			files = (
			);
			runOnlyForDeploymentPostprocessing = 0;
		};
/* End PBXResourcesBuildPhase section */

/* Begin PBXSourcesBuildPhase section */
		5DB0FF332D52A8AF00B89188 /* Sources */ = {
			isa = PBXSourcesBuildPhase;
			buildActionMask = 2147483647;
			files = (
			);
			runOnlyForDeploymentPostprocessing = 0;
		};
		5DB0FF432D52A8B000B89188 /* Sources */ = {
			isa = PBXSourcesBuildPhase;
			buildActionMask = 2147483647;
			files = (
			);
			runOnlyForDeploymentPostprocessing = 0;
		};
		5DB0FF4D2D52A8B000B89188 /* Sources */ = {
			isa = PBXSourcesBuildPhase;
			buildActionMask = 2147483647;
			files = (
			);
			runOnlyForDeploymentPostprocessing = 0;
		};
/* End PBXSourcesBuildPhase section */

/* Begin PBXTargetDependency section */
		5DB0FF492D52A8B000B89188 /* PBXTargetDependency */ = {
			isa = PBXTargetDependency;
			target = 5DB0FF362D52A8AF00B89188 /* objectrecognition */;
			targetProxy = 5DB0FF482D52A8B000B89188 /* PBXContainerItemProxy */;
		};
		5DB0FF532D52A8B000B89188 /* PBXTargetDependency */ = {
			isa = PBXTargetDependency;
			target = 5DB0FF362D52A8AF00B89188 /* objectrecognition */;
			targetProxy = 5DB0FF522D52A8B000B89188 /* PBXContainerItemProxy */;
		};
/* End PBXTargetDependency section */

/* Begin XCBuildConfiguration section */
		5DB0FF592D52A8B000B89188 /* Debug */ = {
			isa = XCBuildConfiguration;
			buildSettings = {
				ALWAYS_SEARCH_USER_PATHS = NO;
				ASSETCATALOG_COMPILER_GENERATE_SWIFT_ASSET_SYMBOL_EXTENSIONS = YES;
				CLANG_ANALYZER_NONNULL = YES;
				CLANG_ANALYZER_NUMBER_OBJECT_CONVERSION = YES_AGGRESSIVE;
				CLANG_CXX_LANGUAGE_STANDARD = "gnu++20";
				CLANG_ENABLE_MODULES = YES;
				CLANG_ENABLE_OBJC_ARC = YES;
				CLANG_ENABLE_OBJC_WEAK = YES;
				CLANG_WARN_BLOCK_CAPTURE_AUTORELEASING = YES;
				CLANG_WARN_BOOL_CONVERSION = YES;
				CLANG_WARN_COMMA = YES;
				CLANG_WARN_CONSTANT_CONVERSION = YES;
				CLANG_WARN_DEPRECATED_OBJC_IMPLEMENTATIONS = YES;
				CLANG_WARN_DIRECT_OBJC_ISA_USAGE = YES_ERROR;
				CLANG_WARN_DOCUMENTATION_COMMENTS = YES;
				CLANG_WARN_EMPTY_BODY = YES;
				CLANG_WARN_ENUM_CONVERSION = YES;
				CLANG_WARN_INFINITE_RECURSION = YES;
				CLANG_WARN_INT_CONVERSION = YES;
				CLANG_WARN_NON_LITERAL_NULL_CONVERSION = YES;
				CLANG_WARN_OBJC_IMPLICIT_RETAIN_SELF = YES;
				CLANG_WARN_OBJC_LITERAL_CONVERSION = YES;
				CLANG_WARN_OBJC_ROOT_CLASS = YES_ERROR;
				CLANG_WARN_QUOTED_INCLUDE_IN_FRAMEWORK_HEADER = YES;
				CLANG_WARN_RANGE_LOOP_ANALYSIS = YES;
				CLANG_WARN_STRICT_PROTOTYPES = YES;
				CLANG_WARN_SUSPICIOUS_MOVE = YES;
				CLANG_WARN_UNGUARDED_AVAILABILITY = YES_AGGRESSIVE;
				CLANG_WARN_UNREACHABLE_CODE = YES;
				CLANG_WARN__DUPLICATE_METHOD_MATCH = YES;
				COPY_PHASE_STRIP = NO;
				DEBUG_INFORMATION_FORMAT = dwarf;
				ENABLE_STRICT_OBJC_MSGSEND = YES;
				ENABLE_TESTABILITY = YES;
				ENABLE_USER_SCRIPT_SANDBOXING = YES;
				GCC_C_LANGUAGE_STANDARD = gnu17;
				GCC_DYNAMIC_NO_PIC = NO;
				GCC_NO_COMMON_BLOCKS = YES;
				GCC_OPTIMIZATION_LEVEL = 0;
				GCC_PREPROCESSOR_DEFINITIONS = (
					"DEBUG=1",
					"$(inherited)",
				);
				GCC_WARN_64_TO_32_BIT_CONVERSION = YES;
				GCC_WARN_ABOUT_RETURN_TYPE = YES_ERROR;
				GCC_WARN_UNDECLARED_SELECTOR = YES;
				GCC_WARN_UNINITIALIZED_AUTOS = YES_AGGRESSIVE;
				GCC_WARN_UNUSED_FUNCTION = YES;
				GCC_WARN_UNUSED_VARIABLE = YES;
				IPHONEOS_DEPLOYMENT_TARGET = 18.2;
				LOCALIZATION_PREFERS_STRING_CATALOGS = YES;
				MTL_ENABLE_DEBUG_INFO = INCLUDE_SOURCE;
				MTL_FAST_MATH = YES;
				ONLY_ACTIVE_ARCH = YES;
				SDKROOT = iphoneos;
				SWIFT_ACTIVE_COMPILATION_CONDITIONS = "DEBUG $(inherited)";
				SWIFT_OPTIMIZATION_LEVEL = "-Onone";
			};
			name = Debug;
		};
		5DB0FF5A2D52A8B000B89188 /* Release */ = {
			isa = XCBuildConfiguration;
			buildSettings = {
				ALWAYS_SEARCH_USER_PATHS = NO;
				ASSETCATALOG_COMPILER_GENERATE_SWIFT_ASSET_SYMBOL_EXTENSIONS = YES;
				CLANG_ANALYZER_NONNULL = YES;
				CLANG_ANALYZER_NUMBER_OBJECT_CONVERSION = YES_AGGRESSIVE;
				CLANG_CXX_LANGUAGE_STANDARD = "gnu++20";
				CLANG_ENABLE_MODULES = YES;
				CLANG_ENABLE_OBJC_ARC = YES;
				CLANG_ENABLE_OBJC_WEAK = YES;
				CLANG_WARN_BLOCK_CAPTURE_AUTORELEASING = YES;
				CLANG_WARN_BOOL_CONVERSION = YES;
				CLANG_WARN_COMMA = YES;
				CLANG_WARN_CONSTANT_CONVERSION = YES;
				CLANG_WARN_DEPRECATED_OBJC_IMPLEMENTATIONS = YES;
				CLANG_WARN_DIRECT_OBJC_ISA_USAGE = YES_ERROR;
				CLANG_WARN_DOCUMENTATION_COMMENTS = YES;
				CLANG_WARN_EMPTY_BODY = YES;
				CLANG_WARN_ENUM_CONVERSION = YES;
				CLANG_WARN_INFINITE_RECURSION = YES;
				CLANG_WARN_INT_CONVERSION = YES;
				CLANG_WARN_NON_LITERAL_NULL_CONVERSION = YES;
				CLANG_WARN_OBJC_IMPLICIT_RETAIN_SELF = YES;
				CLANG_WARN_OBJC_LITERAL_CONVERSION = YES;
				CLANG_WARN_OBJC_ROOT_CLASS = YES_ERROR;
				CLANG_WARN_QUOTED_INCLUDE_IN_FRAMEWORK_HEADER = YES;
				CLANG_WARN_RANGE_LOOP_ANALYSIS = YES;
				CLANG_WARN_STRICT_PROTOTYPES = YES;
				CLANG_WARN_SUSPICIOUS_MOVE = YES;
				CLANG_WARN_UNGUARDED_AVAILABILITY = YES_AGGRESSIVE;
				CLANG_WARN_UNREACHABLE_CODE = YES;
				CLANG_WARN__DUPLICATE_METHOD_MATCH = YES;
				COPY_PHASE_STRIP = NO;
				DEBUG_INFORMATION_FORMAT = "dwarf-with-dsym";
				ENABLE_NS_ASSERTIONS = NO;
				ENABLE_STRICT_OBJC_MSGSEND = YES;
				ENABLE_USER_SCRIPT_SANDBOXING = YES;
				GCC_C_LANGUAGE_STANDARD = gnu17;
				GCC_NO_COMMON_BLOCKS = YES;
				GCC_WARN_64_TO_32_BIT_CONVERSION = YES;
				GCC_WARN_ABOUT_RETURN_TYPE = YES_ERROR;
				GCC_WARN_UNDECLARED_SELECTOR = YES;
				GCC_WARN_UNINITIALIZED_AUTOS = YES_AGGRESSIVE;
				GCC_WARN_UNUSED_FUNCTION = YES;
				GCC_WARN_UNUSED_VARIABLE = YES;
				IPHONEOS_DEPLOYMENT_TARGET = 18.2;
				LOCALIZATION_PREFERS_STRING_CATALOGS = YES;
				MTL_ENABLE_DEBUG_INFO = NO;
				MTL_FAST_MATH = YES;
				SDKROOT = iphoneos;
				SWIFT_COMPILATION_MODE = wholemodule;
				VALIDATE_PRODUCT = YES;
			};
			name = Release;
		};
		5DB0FF5C2D52A8B000B89188 /* Debug */ = {
			isa = XCBuildConfiguration;
			buildSettings = {
				ASSETCATALOG_COMPILER_APPICON_NAME = AppIcon;
				ASSETCATALOG_COMPILER_GLOBAL_ACCENT_COLOR_NAME = AccentColor;
				CODE_SIGN_STYLE = Automatic;
				CURRENT_PROJECT_VERSION = 1;
				DEVELOPMENT_ASSET_PATHS = "\"objectrecognition/Preview Content\"";
				DEVELOPMENT_TEAM = JCNQ7PD5N2;
				ENABLE_PREVIEWS = YES;
				GENERATE_INFOPLIST_FILE = YES;
				INFOPLIST_KEY_UIApplicationSceneManifest_Generation = YES;
				INFOPLIST_KEY_UIApplicationSupportsIndirectInputEvents = YES;
				INFOPLIST_KEY_UILaunchScreen_Generation = YES;
				INFOPLIST_KEY_UISupportedInterfaceOrientations_iPad = "UIInterfaceOrientationPortrait UIInterfaceOrientationPortraitUpsideDown UIInterfaceOrientationLandscapeLeft UIInterfaceOrientationLandscapeRight";
				INFOPLIST_KEY_UISupportedInterfaceOrientations_iPhone = "UIInterfaceOrientationPortrait UIInterfaceOrientationLandscapeLeft UIInterfaceOrientationLandscapeRight";
				LD_RUNPATH_SEARCH_PATHS = (
					"$(inherited)",
					"@executable_path/Frameworks",
				);
				MARKETING_VERSION = 1.0;
				PRODUCT_BUNDLE_IDENTIFIER = swiftcrew.objectrecognition;
				PRODUCT_NAME = "$(TARGET_NAME)";
				SWIFT_EMIT_LOC_STRINGS = YES;
				SWIFT_VERSION = 5.0;
				TARGETED_DEVICE_FAMILY = "1,2";
			};
			name = Debug;
		};
		5DB0FF5D2D52A8B000B89188 /* Release */ = {
			isa = XCBuildConfiguration;
			buildSettings = {
				ASSETCATALOG_COMPILER_APPICON_NAME = AppIcon;
				ASSETCATALOG_COMPILER_GLOBAL_ACCENT_COLOR_NAME = AccentColor;
				CODE_SIGN_STYLE = Automatic;
				CURRENT_PROJECT_VERSION = 1;
				DEVELOPMENT_ASSET_PATHS = "\"objectrecognition/Preview Content\"";
				DEVELOPMENT_TEAM = JCNQ7PD5N2;
				ENABLE_PREVIEWS = YES;
				GENERATE_INFOPLIST_FILE = YES;
				INFOPLIST_KEY_UIApplicationSceneManifest_Generation = YES;
				INFOPLIST_KEY_UIApplicationSupportsIndirectInputEvents = YES;
				INFOPLIST_KEY_UILaunchScreen_Generation = YES;
				INFOPLIST_KEY_UISupportedInterfaceOrientations_iPad = "UIInterfaceOrientationPortrait UIInterfaceOrientationPortraitUpsideDown UIInterfaceOrientationLandscapeLeft UIInterfaceOrientationLandscapeRight";
				INFOPLIST_KEY_UISupportedInterfaceOrientations_iPhone = "UIInterfaceOrientationPortrait UIInterfaceOrientationLandscapeLeft UIInterfaceOrientationLandscapeRight";
				LD_RUNPATH_SEARCH_PATHS = (
					"$(inherited)",
					"@executable_path/Frameworks",
				);
				MARKETING_VERSION = 1.0;
				PRODUCT_BUNDLE_IDENTIFIER = swiftcrew.objectrecognition;
				PRODUCT_NAME = "$(TARGET_NAME)";
				SWIFT_EMIT_LOC_STRINGS = YES;
				SWIFT_VERSION = 5.0;
				TARGETED_DEVICE_FAMILY = "1,2";
			};
			name = Release;
		};
		5DB0FF5F2D52A8B000B89188 /* Debug */ = {
			isa = XCBuildConfiguration;
			buildSettings = {
				BUNDLE_LOADER = "$(TEST_HOST)";
				CODE_SIGN_STYLE = Automatic;
				CURRENT_PROJECT_VERSION = 1;
				DEVELOPMENT_TEAM = JCNQ7PD5N2;
				GENERATE_INFOPLIST_FILE = YES;
				IPHONEOS_DEPLOYMENT_TARGET = 18.2;
				MARKETING_VERSION = 1.0;
				PRODUCT_BUNDLE_IDENTIFIER = swiftcrew.objectrecognitionTests;
				PRODUCT_NAME = "$(TARGET_NAME)";
				SWIFT_EMIT_LOC_STRINGS = NO;
				SWIFT_VERSION = 5.0;
				TARGETED_DEVICE_FAMILY = "1,2";
				TEST_HOST = "$(BUILT_PRODUCTS_DIR)/objectrecognition.app/$(BUNDLE_EXECUTABLE_FOLDER_PATH)/objectrecognition";
			};
			name = Debug;
		};
		5DB0FF602D52A8B000B89188 /* Release */ = {
			isa = XCBuildConfiguration;
			buildSettings = {
				BUNDLE_LOADER = "$(TEST_HOST)";
				CODE_SIGN_STYLE = Automatic;
				CURRENT_PROJECT_VERSION = 1;
				DEVELOPMENT_TEAM = JCNQ7PD5N2;
				GENERATE_INFOPLIST_FILE = YES;
				IPHONEOS_DEPLOYMENT_TARGET = 18.2;
				MARKETING_VERSION = 1.0;
				PRODUCT_BUNDLE_IDENTIFIER = swiftcrew.objectrecognitionTests;
				PRODUCT_NAME = "$(TARGET_NAME)";
				SWIFT_EMIT_LOC_STRINGS = NO;
				SWIFT_VERSION = 5.0;
				TARGETED_DEVICE_FAMILY = "1,2";
				TEST_HOST = "$(BUILT_PRODUCTS_DIR)/objectrecognition.app/$(BUNDLE_EXECUTABLE_FOLDER_PATH)/objectrecognition";
			};
			name = Release;
		};
		5DB0FF622D52A8B000B89188 /* Debug */ = {
			isa = XCBuildConfiguration;
			buildSettings = {
				CODE_SIGN_STYLE = Automatic;
				CURRENT_PROJECT_VERSION = 1;
				DEVELOPMENT_TEAM = JCNQ7PD5N2;
				GENERATE_INFOPLIST_FILE = YES;
				MARKETING_VERSION = 1.0;
				PRODUCT_BUNDLE_IDENTIFIER = swiftcrew.objectrecognitionUITests;
				PRODUCT_NAME = "$(TARGET_NAME)";
				SWIFT_EMIT_LOC_STRINGS = NO;
				SWIFT_VERSION = 5.0;
				TARGETED_DEVICE_FAMILY = "1,2";
				TEST_TARGET_NAME = objectrecognition;
			};
			name = Debug;
		};
		5DB0FF632D52A8B000B89188 /* Release */ = {
			isa = XCBuildConfiguration;
			buildSettings = {
				CODE_SIGN_STYLE = Automatic;
				CURRENT_PROJECT_VERSION = 1;
				DEVELOPMENT_TEAM = JCNQ7PD5N2;
				GENERATE_INFOPLIST_FILE = YES;
				MARKETING_VERSION = 1.0;
				PRODUCT_BUNDLE_IDENTIFIER = swiftcrew.objectrecognitionUITests;
				PRODUCT_NAME = "$(TARGET_NAME)";
				SWIFT_EMIT_LOC_STRINGS = NO;
				SWIFT_VERSION = 5.0;
				TARGETED_DEVICE_FAMILY = "1,2";
				TEST_TARGET_NAME = objectrecognition;
			};
			name = Release;
		};
/* End XCBuildConfiguration section */

/* Begin XCConfigurationList section */
		5DB0FF322D52A8AF00B89188 /* Build configuration list for PBXProject "objectrecognition" */ = {
			isa = XCConfigurationList;
			buildConfigurations = (
				5DB0FF592D52A8B000B89188 /* Debug */,
				5DB0FF5A2D52A8B000B89188 /* Release */,
			);
			defaultConfigurationIsVisible = 0;
			defaultConfigurationName = Release;
		};
		5DB0FF5B2D52A8B000B89188 /* Build configuration list for PBXNativeTarget "objectrecognition" */ = {
			isa = XCConfigurationList;
			buildConfigurations = (
				5DB0FF5C2D52A8B000B89188 /* Debug */,
				5DB0FF5D2D52A8B000B89188 /* Release */,
			);
			defaultConfigurationIsVisible = 0;
			defaultConfigurationName = Release;
		};
		5DB0FF5E2D52A8B000B89188 /* Build configuration list for PBXNativeTarget "objectrecognitionTests" */ = {
			isa = XCConfigurationList;
			buildConfigurations = (
				5DB0FF5F2D52A8B000B89188 /* Debug */,
				5DB0FF602D52A8B000B89188 /* Release */,
			);
			defaultConfigurationIsVisible = 0;
			defaultConfigurationName = Release;
		};
		5DB0FF612D52A8B000B89188 /* Build configuration list for PBXNativeTarget "objectrecognitionUITests" */ = {
			isa = XCConfigurationList;
			buildConfigurations = (
				5DB0FF622D52A8B000B89188 /* Debug */,
				5DB0FF632D52A8B000B89188 /* Release */,
			);
			defaultConfigurationIsVisible = 0;
			defaultConfigurationName = Release;
		};
/* End XCConfigurationList section */
	};
	rootObject = 5DB0FF2F2D52A8AF00B89188 /* Project object */;
}
